
Microsoft Visual Studio Solution File, Format Version 12.00
# Visual Studio Version 16
VisualStudioVersion = 16.0.29613.14
MinimumVisualStudioVersion = 10.0.40219.1
Project("{FAE04EC0-301F-11D3-BF4B-00C04F79EFBC}") = "StenographyApp", "LR06\StenographyApp.csproj", "{D9C72145-3F0A-4999-A3DA-BE2D805BBA2A}"
EndProject
Global
	GlobalSection(SolutionConfigurationPlatforms) = preSolution
		Debug|Any CPU = Debug|Any CPU
		Release|Any CPU = Release|Any CPU
	EndGlobalSection
	GlobalSection(ProjectConfigurationPlatforms) = postSolution
		{D9C72145-3F0A-4999-A3DA-BE2D805BBA2A}.Debug|Any CPU.ActiveCfg = Debug|Any CPU
		{D9C72145-3F0A-4999-A3DA-BE2D805BBA2A}.Debug|Any CPU.Build.0 = Debug|Any CPU
		{D9C72145-3F0A-4999-A3DA-BE2D805BBA2A}.Release|Any CPU.ActiveCfg = Release|Any CPU
		{D9C72145-3F0A-4999-A3DA-BE2D805BBA2A}.Release|Any CPU.Build.0 = Release|Any CPU
	EndGlobalSection
	GlobalSection(SolutionProperties) = preSolution
		HideSolutionNode = FALSE
	EndGlobalSection
	GlobalSection(ExtensibilityGlobals) = postSolution
		SolutionGuid = {D7B283F2-1E85-4EC8-ACAF-ED8433D07970}
	EndGlobalSection
EndGlobal
